
Microsoft Visual Studio Solution File, Format Version 12.00
# Visual Studio Version 16
VisualStudioVersion = 16.0.30011.22
MinimumVisualStudioVersion = 10.0.40219.1
Project("{FAE04EC0-301F-11D3-BF4B-00C04F79EFBC}") = "life of the alcemyst", "life of the alcemyst\life of the alcemyst.csproj", "{3113205D-34AF-4668-811C-AF3036B4B2CA}"
EndProject
Global
	GlobalSection(SolutionConfigurationPlatforms) = preSolution
		Debug|Any CPU = Debug|Any CPU
		Release|Any CPU = Release|Any CPU
	EndGlobalSection
	GlobalSection(ProjectConfigurationPlatforms) = postSolution
		{3113205D-34AF-4668-811C-AF3036B4B2CA}.Debug|Any CPU.ActiveCfg = Debug|Any CPU
		{3113205D-34AF-4668-811C-AF3036B4B2CA}.Debug|Any CPU.Build.0 = Debug|Any CPU
		{3113205D-34AF-4668-811C-AF3036B4B2CA}.Release|Any CPU.ActiveCfg = Release|Any CPU
		{3113205D-34AF-4668-811C-AF3036B4B2CA}.Release|Any CPU.Build.0 = Release|Any CPU
	EndGlobalSection
	GlobalSection(SolutionProperties) = preSolution
		HideSolutionNode = FALSE
	EndGlobalSection
	GlobalSection(ExtensibilityGlobals) = postSolution
		SolutionGuid = {3D93479C-4E96-40DC-A546-37B9ECAC85C4}
	EndGlobalSection
EndGlobal
